
Microsoft Visual Studio Solution File, Format Version 12.00
# Visual Studio Version 16
VisualStudioVersion = 16.0.31729.503
MinimumVisualStudioVersion = 10.0.40219.1
Project("{FAE04EC0-301F-11D3-BF4B-00C04F79EFBC}") = "Webscraper-ConsoleApplication", "Webscraper-ConsoleApplication.csproj", "{A7AAF563-BE4B-4AAE-A456-859D764C13C5}"
EndProject
Global
	GlobalSection(SolutionConfigurationPlatforms) = preSolution
		Debug|Any CPU = Debug|Any CPU
		Release|Any CPU = Release|Any CPU
	EndGlobalSection
	GlobalSection(ProjectConfigurationPlatforms) = postSolution
		{A7AAF563-BE4B-4AAE-A456-859D764C13C5}.Debug|Any CPU.ActiveCfg = Debug|Any CPU
		{A7AAF563-BE4B-4AAE-A456-859D764C13C5}.Debug|Any CPU.Build.0 = Debug|Any CPU
		{A7AAF563-BE4B-4AAE-A456-859D764C13C5}.Release|Any CPU.ActiveCfg = Release|Any CPU
		{A7AAF563-BE4B-4AAE-A456-859D764C13C5}.Release|Any CPU.Build.0 = Release|Any CPU
	EndGlobalSection
	GlobalSection(SolutionProperties) = preSolution
		HideSolutionNode = FALSE
	EndGlobalSection
	GlobalSection(ExtensibilityGlobals) = postSolution
		SolutionGuid = {2A56D7D7-DAFF-41E1-BF3E-CEDCDC48DF9B}
	EndGlobalSection
EndGlobal
